// !$*UTF8*$!
{
	archiveVersion = 1;
	classes = {
	};
	objectVersion = 45;
	objects = {

/* Begin PBXBuildFile section */
		1DDD58160DA1D0A300B32029 /* MainMenu.xib in Resources */ = {isa = PBXBuildFile; fileRef = 1DDD58140DA1D0A300B32029 /* MainMenu.xib */; };
		256AC3DA0F4B6AC300CF3369 /* MamlAppDelegate.m in Sources */ = {isa = PBXBuildFile; fileRef = 256AC3D90F4B6AC300CF3369 /* MamlAppDelegate.m */; };
		8D11072B0486CEB800E47090 /* InfoPlist.strings in Resources */ = {isa = PBXBuildFile; fileRef = 089C165CFE840E0CC02AAC07 /* InfoPlist.strings */; };
		8D11072D0486CEB800E47090 /* main.m in Sources */ = {isa = PBXBuildFile; fileRef = 29B97316FDCFA39411CA2CEA /* main.m */; settings = {ATTRIBUTES = (); }; };
		8D11072F0486CEB800E47090 /* Cocoa.framework in Frameworks */ = {isa = PBXBuildFile; fileRef = 1058C7A1FEA54F0111CA2CBB /* Cocoa.framework */; };
		B106C2D0131C8288001E136B /* ConstNum.m in Sources */ = {isa = PBXBuildFile; fileRef = B106C2CF131C8288001E136B /* ConstNum.m */; };
		B1662DCA131C64CF0014F7B5 /* MamlProgram.m in Sources */ = {isa = PBXBuildFile; fileRef = B1662DC9131C64CF0014F7B5 /* MamlProgram.m */; };
		B16D5F92131C720C004DFF88 /* Binop.m in Sources */ = {isa = PBXBuildFile; fileRef = B16D5F91131C720C004DFF88 /* Binop.m */; };
		B16D5FC3131C7719004DFF88 /* Random.m in Sources */ = {isa = PBXBuildFile; fileRef = B16D5FC2131C7719004DFF88 /* Random.m */; };
		B1759F5311094E1900C84F3F /* Agent.m in Sources */ = {isa = PBXBuildFile; fileRef = B1759F5211094E1900C84F3F /* Agent.m */; };
		B1759F5811094E4900C84F3F /* Patch.m in Sources */ = {isa = PBXBuildFile; fileRef = B1759F5711094E4900C84F3F /* Patch.m */; };
		B1759F7611094F6A00C84F3F /* World.m in Sources */ = {isa = PBXBuildFile; fileRef = B1759F7511094F6A00C84F3F /* World.m */; };
		B198FBAB131D6C69006775CF /* SetVar.m in Sources */ = {isa = PBXBuildFile; fileRef = B198FBAA131D6C69006775CF /* SetVar.m */; };
		B198FBB5131D6DCA006775CF /* GetVar.m in Sources */ = {isa = PBXBuildFile; fileRef = B198FBB4131D6DCA006775CF /* GetVar.m */; };
		B198FC07131D7750006775CF /* Done.m in Sources */ = {isa = PBXBuildFile; fileRef = B198FC06131D7750006775CF /* Done.m */; };
		B198FC0A131D775A006775CF /* Yield.m in Sources */ = {isa = PBXBuildFile; fileRef = B198FC09131D775A006775CF /* Yield.m */; };
		B198FC0D131D7765006775CF /* Jump.m in Sources */ = {isa = PBXBuildFile; fileRef = B198FC0C131D7765006775CF /* Jump.m */; };
		B1FC978211091D2600642B6F /* Controller.m in Sources */ = {isa = PBXBuildFile; fileRef = B1FC978111091D2600642B6F /* Controller.m */; };
		B1FC97AB1109284000642B6F /* MamlView.m in Sources */ = {isa = PBXBuildFile; fileRef = B1FC97AA1109284000642B6F /* MamlView.m */; };
/* End PBXBuildFile section */

/* Begin PBXFileReference section */
		089C165DFE840E0CC02AAC07 /* English */ = {isa = PBXFileReference; fileEncoding = 4; lastKnownFileType = text.plist.strings; name = English; path = English.lproj/InfoPlist.strings; sourceTree = "<group>"; };
		1058C7A1FEA54F0111CA2CBB /* Cocoa.framework */ = {isa = PBXFileReference; lastKnownFileType = wrapper.framework; name = Cocoa.framework; path = /System/Library/Frameworks/Cocoa.framework; sourceTree = "<absolute>"; };
		13E42FB307B3F0F600E4EEF1 /* CoreData.framework */ = {isa = PBXFileReference; lastKnownFileType = wrapper.framework; name = CoreData.framework; path = /System/Library/Frameworks/CoreData.framework; sourceTree = "<absolute>"; };
		1DDD58150DA1D0A300B32029 /* English */ = {isa = PBXFileReference; lastKnownFileType = file.xib; name = English; path = English.lproj/MainMenu.xib; sourceTree = "<group>"; };
		256AC3D80F4B6AC300CF3369 /* MamlAppDelegate.h */ = {isa = PBXFileReference; fileEncoding = 4; lastKnownFileType = sourcecode.c.h; path = MamlAppDelegate.h; sourceTree = "<group>"; };
		256AC3D90F4B6AC300CF3369 /* MamlAppDelegate.m */ = {isa = PBXFileReference; fileEncoding = 4; lastKnownFileType = sourcecode.c.objc; path = MamlAppDelegate.m; sourceTree = "<group>"; };
		256AC3F00F4B6AF500CF3369 /* Maml_Prefix.pch */ = {isa = PBXFileReference; fileEncoding = 4; lastKnownFileType = sourcecode.c.h; path = Maml_Prefix.pch; sourceTree = "<group>"; };
		29B97316FDCFA39411CA2CEA /* main.m */ = {isa = PBXFileReference; fileEncoding = 4; lastKnownFileType = sourcecode.c.objc; path = main.m; sourceTree = "<group>"; };
		29B97324FDCFA39411CA2CEA /* AppKit.framework */ = {isa = PBXFileReference; lastKnownFileType = wrapper.framework; name = AppKit.framework; path = /System/Library/Frameworks/AppKit.framework; sourceTree = "<absolute>"; };
		29B97325FDCFA39411CA2CEA /* Foundation.framework */ = {isa = PBXFileReference; lastKnownFileType = wrapper.framework; name = Foundation.framework; path = /System/Library/Frameworks/Foundation.framework; sourceTree = "<absolute>"; };
		8D1107310486CEB800E47090 /* Maml-Info.plist */ = {isa = PBXFileReference; fileEncoding = 4; lastKnownFileType = text.plist.xml; path = "Maml-Info.plist"; sourceTree = "<group>"; };
		8D1107320486CEB800E47090 /* Maml.app */ = {isa = PBXFileReference; explicitFileType = wrapper.application; includeInIndex = 0; path = Maml.app; sourceTree = BUILT_PRODUCTS_DIR; };
		B106C2CE131C8288001E136B /* ConstNum.h */ = {isa = PBXFileReference; fileEncoding = 4; lastKnownFileType = sourcecode.c.h; path = ConstNum.h; sourceTree = "<group>"; };
		B106C2CF131C8288001E136B /* ConstNum.m */ = {isa = PBXFileReference; fileEncoding = 4; lastKnownFileType = sourcecode.c.objc; path = ConstNum.m; sourceTree = "<group>"; };
		B1662DC8131C64CF0014F7B5 /* MamlProgram.h */ = {isa = PBXFileReference; fileEncoding = 4; lastKnownFileType = sourcecode.c.h; path = MamlProgram.h; sourceTree = "<group>"; };
		B1662DC9131C64CF0014F7B5 /* MamlProgram.m */ = {isa = PBXFileReference; fileEncoding = 4; lastKnownFileType = sourcecode.c.objc; path = MamlProgram.m; sourceTree = "<group>"; };
		B16D5F90131C720C004DFF88 /* Binop.h */ = {isa = PBXFileReference; fileEncoding = 4; lastKnownFileType = sourcecode.c.h; path = Binop.h; sourceTree = "<group>"; };
		B16D5F91131C720C004DFF88 /* Binop.m */ = {isa = PBXFileReference; fileEncoding = 4; lastKnownFileType = sourcecode.c.objc; path = Binop.m; sourceTree = "<group>"; };
		B16D5FC1131C7719004DFF88 /* Random.h */ = {isa = PBXFileReference; fileEncoding = 4; lastKnownFileType = sourcecode.c.h; path = Random.h; sourceTree = "<group>"; };
		B16D5FC2131C7719004DFF88 /* Random.m */ = {isa = PBXFileReference; fileEncoding = 4; lastKnownFileType = sourcecode.c.objc; path = Random.m; sourceTree = "<group>"; };
		B1759F5111094E1900C84F3F /* Agent.h */ = {isa = PBXFileReference; fileEncoding = 4; lastKnownFileType = sourcecode.c.h; path = Agent.h; sourceTree = "<group>"; };
		B1759F5211094E1900C84F3F /* Agent.m */ = {isa = PBXFileReference; fileEncoding = 4; lastKnownFileType = sourcecode.c.objc; path = Agent.m; sourceTree = "<group>"; };
		B1759F5611094E4900C84F3F /* Patch.h */ = {isa = PBXFileReference; fileEncoding = 4; lastKnownFileType = sourcecode.c.h; path = Patch.h; sourceTree = "<group>"; };
		B1759F5711094E4900C84F3F /* Patch.m */ = {isa = PBXFileReference; fileEncoding = 4; lastKnownFileType = sourcecode.c.objc; path = Patch.m; sourceTree = "<group>"; };
		B1759F7411094F6A00C84F3F /* World.h */ = {isa = PBXFileReference; fileEncoding = 4; lastKnownFileType = sourcecode.c.h; path = World.h; sourceTree = "<group>"; };
		B1759F7511094F6A00C84F3F /* World.m */ = {isa = PBXFileReference; fileEncoding = 4; lastKnownFileType = sourcecode.c.objc; path = World.m; sourceTree = "<group>"; };
		B198FBA9131D6C69006775CF /* SetVar.h */ = {isa = PBXFileReference; fileEncoding = 4; lastKnownFileType = sourcecode.c.h; path = SetVar.h; sourceTree = "<group>"; };
		B198FBAA131D6C69006775CF /* SetVar.m */ = {isa = PBXFileReference; fileEncoding = 4; lastKnownFileType = sourcecode.c.objc; path = SetVar.m; sourceTree = "<group>"; };
		B198FBB3131D6DCA006775CF /* GetVar.h */ = {isa = PBXFileReference; fileEncoding = 4; lastKnownFileType = sourcecode.c.h; path = GetVar.h; sourceTree = "<group>"; };
		B198FBB4131D6DCA006775CF /* GetVar.m */ = {isa = PBXFileReference; fileEncoding = 4; lastKnownFileType = sourcecode.c.objc; path = GetVar.m; sourceTree = "<group>"; };
		B198FC05131D7750006775CF /* Done.h */ = {isa = PBXFileReference; fileEncoding = 4; lastKnownFileType = sourcecode.c.h; path = Done.h; sourceTree = "<group>"; };
		B198FC06131D7750006775CF /* Done.m */ = {isa = PBXFileReference; fileEncoding = 4; lastKnownFileType = sourcecode.c.objc; path = Done.m; sourceTree = "<group>"; };
		B198FC08131D775A006775CF /* Yield.h */ = {isa = PBXFileReference; fileEncoding = 4; lastKnownFileType = sourcecode.c.h; path = Yield.h; sourceTree = "<group>"; };
		B198FC09131D775A006775CF /* Yield.m */ = {isa = PBXFileReference; fileEncoding = 4; lastKnownFileType = sourcecode.c.objc; path = Yield.m; sourceTree = "<group>"; };
		B198FC0B131D7765006775CF /* Jump.h */ = {isa = PBXFileReference; fileEncoding = 4; lastKnownFileType = sourcecode.c.h; path = Jump.h; sourceTree = "<group>"; };
		B198FC0C131D7765006775CF /* Jump.m */ = {isa = PBXFileReference; fileEncoding = 4; lastKnownFileType = sourcecode.c.objc; path = Jump.m; sourceTree = "<group>"; };
		B1FC978011091D2600642B6F /* Controller.h */ = {isa = PBXFileReference; fileEncoding = 4; lastKnownFileType = sourcecode.c.h; path = Controller.h; sourceTree = "<group>"; };
		B1FC978111091D2600642B6F /* Controller.m */ = {isa = PBXFileReference; fileEncoding = 4; lastKnownFileType = sourcecode.c.objc; path = Controller.m; sourceTree = "<group>"; };
		B1FC97A91109284000642B6F /* MamlView.h */ = {isa = PBXFileReference; fileEncoding = 4; lastKnownFileType = sourcecode.c.h; path = MamlView.h; sourceTree = "<group>"; };
		B1FC97AA1109284000642B6F /* MamlView.m */ = {isa = PBXFileReference; fileEncoding = 4; lastKnownFileType = sourcecode.c.objc; path = MamlView.m; sourceTree = "<group>"; };
/* End PBXFileReference section */

/* Begin PBXFrameworksBuildPhase section */
		8D11072E0486CEB800E47090 /* Frameworks */ = {
			isa = PBXFrameworksBuildPhase;
			buildActionMask = 2147483647;
			files = (
				8D11072F0486CEB800E47090 /* Cocoa.framework in Frameworks */,
			);
			runOnlyForDeploymentPostprocessing = 0;
		};
/* End PBXFrameworksBuildPhase section */

/* Begin PBXGroup section */
		080E96DDFE201D6D7F000001 /* Classes */ = {
			isa = PBXGroup;
			children = (
				B1662DFF131C6C800014F7B5 /* Instructions */,
				B1759F5111094E1900C84F3F /* Agent.h */,
				B1759F5211094E1900C84F3F /* Agent.m */,
				B1759F5611094E4900C84F3F /* Patch.h */,
				B1759F5711094E4900C84F3F /* Patch.m */,
				B1FC978011091D2600642B6F /* Controller.h */,
				B1FC978111091D2600642B6F /* Controller.m */,
				B1759F7411094F6A00C84F3F /* World.h */,
				B1759F7511094F6A00C84F3F /* World.m */,
				B1662DC8131C64CF0014F7B5 /* MamlProgram.h */,
				B1662DC9131C64CF0014F7B5 /* MamlProgram.m */,
				B1FC97A91109284000642B6F /* MamlView.h */,
				B1FC97AA1109284000642B6F /* MamlView.m */,
				256AC3D80F4B6AC300CF3369 /* MamlAppDelegate.h */,
				256AC3D90F4B6AC300CF3369 /* MamlAppDelegate.m */,
			);
			name = Classes;
			sourceTree = "<group>";
		};
		1058C7A0FEA54F0111CA2CBB /* Linked Frameworks */ = {
			isa = PBXGroup;
			children = (
				1058C7A1FEA54F0111CA2CBB /* Cocoa.framework */,
			);
			name = "Linked Frameworks";
			sourceTree = "<group>";
		};
		1058C7A2FEA54F0111CA2CBB /* Other Frameworks */ = {
			isa = PBXGroup;
			children = (
				29B97324FDCFA39411CA2CEA /* AppKit.framework */,
				13E42FB307B3F0F600E4EEF1 /* CoreData.framework */,
				29B97325FDCFA39411CA2CEA /* Foundation.framework */,
			);
			name = "Other Frameworks";
			sourceTree = "<group>";
		};
		19C28FACFE9D520D11CA2CBB /* Products */ = {
			isa = PBXGroup;
			children = (
				8D1107320486CEB800E47090 /* Maml.app */,
			);
			name = Products;
			sourceTree = "<group>";
		};
		29B97314FDCFA39411CA2CEA /* Maml */ = {
			isa = PBXGroup;
			children = (
				080E96DDFE201D6D7F000001 /* Classes */,
				29B97315FDCFA39411CA2CEA /* Other Sources */,
				29B97317FDCFA39411CA2CEA /* Resources */,
				29B97323FDCFA39411CA2CEA /* Frameworks */,
				19C28FACFE9D520D11CA2CBB /* Products */,
			);
			name = Maml;
			sourceTree = "<group>";
		};
		29B97315FDCFA39411CA2CEA /* Other Sources */ = {
			isa = PBXGroup;
			children = (
				256AC3F00F4B6AF500CF3369 /* Maml_Prefix.pch */,
				29B97316FDCFA39411CA2CEA /* main.m */,
			);
			name = "Other Sources";
			sourceTree = "<group>";
		};
		29B97317FDCFA39411CA2CEA /* Resources */ = {
			isa = PBXGroup;
			children = (
				8D1107310486CEB800E47090 /* Maml-Info.plist */,
				089C165CFE840E0CC02AAC07 /* InfoPlist.strings */,
				1DDD58140DA1D0A300B32029 /* MainMenu.xib */,
			);
			name = Resources;
			sourceTree = "<group>";
		};
		29B97323FDCFA39411CA2CEA /* Frameworks */ = {
			isa = PBXGroup;
			children = (
				1058C7A0FEA54F0111CA2CBB /* Linked Frameworks */,
				1058C7A2FEA54F0111CA2CBB /* Other Frameworks */,
			);
			name = Frameworks;
			sourceTree = "<group>";
		};
		B1662DFF131C6C800014F7B5 /* Instructions */ = {
			isa = PBXGroup;
			children = (
				B16D5F90131C720C004DFF88 /* Binop.h */,
				B16D5F91131C720C004DFF88 /* Binop.m */,
				B16D5FC1131C7719004DFF88 /* Random.h */,
				B16D5FC2131C7719004DFF88 /* Random.m */,
				B106C2CE131C8288001E136B /* ConstNum.h */,
				B106C2CF131C8288001E136B /* ConstNum.m */,
				B198FBA9131D6C69006775CF /* SetVar.h */,
				B198FBAA131D6C69006775CF /* SetVar.m */,
				B198FBB3131D6DCA006775CF /* GetVar.h */,
				B198FBB4131D6DCA006775CF /* GetVar.m */,
				B198FC05131D7750006775CF /* Done.h */,
				B198FC06131D7750006775CF /* Done.m */,
				B198FC08131D775A006775CF /* Yield.h */,
				B198FC09131D775A006775CF /* Yield.m */,
				B198FC0B131D7765006775CF /* Jump.h */,
				B198FC0C131D7765006775CF /* Jump.m */,
			);
			name = Instructions;
			sourceTree = "<group>";
		};
/* End PBXGroup section */

/* Begin PBXNativeTarget section */
		8D1107260486CEB800E47090 /* Maml */ = {
			isa = PBXNativeTarget;
			buildConfigurationList = C01FCF4A08A954540054247B /* Build configuration list for PBXNativeTarget "Maml" */;
			buildPhases = (
				8D1107290486CEB800E47090 /* Resources */,
				8D11072C0486CEB800E47090 /* Sources */,
				8D11072E0486CEB800E47090 /* Frameworks */,
			);
			buildRules = (
			);
			dependencies = (
			);
			name = Maml;
			productInstallPath = "$(HOME)/Applications";
			productName = Maml;
			productReference = 8D1107320486CEB800E47090 /* Maml.app */;
			productType = "com.apple.product-type.application";
		};
/* End PBXNativeTarget section */

/* Begin PBXProject section */
		29B97313FDCFA39411CA2CEA /* Project object */ = {
			isa = PBXProject;
			buildConfigurationList = C01FCF4E08A954540054247B /* Build configuration list for PBXProject "Maml" */;
			compatibilityVersion = "Xcode 3.1";
			developmentRegion = English;
			hasScannedForEncodings = 1;
			knownRegions = (
				English,
				Japanese,
				French,
				German,
			);
			mainGroup = 29B97314FDCFA39411CA2CEA /* Maml */;
			projectDirPath = "";
			projectRoot = "";
			targets = (
				8D1107260486CEB800E47090 /* Maml */,
			);
		};
/* End PBXProject section */

/* Begin PBXResourcesBuildPhase section */
		8D1107290486CEB800E47090 /* Resources */ = {
			isa = PBXResourcesBuildPhase;
			buildActionMask = 2147483647;
			files = (
				8D11072B0486CEB800E47090 /* InfoPlist.strings in Resources */,
				1DDD58160DA1D0A300B32029 /* MainMenu.xib in Resources */,
			);
			runOnlyForDeploymentPostprocessing = 0;
		};
/* End PBXResourcesBuildPhase section */

/* Begin PBXSourcesBuildPhase section */
		8D11072C0486CEB800E47090 /* Sources */ = {
			isa = PBXSourcesBuildPhase;
			buildActionMask = 2147483647;
			files = (
				8D11072D0486CEB800E47090 /* main.m in Sources */,
				256AC3DA0F4B6AC300CF3369 /* MamlAppDelegate.m in Sources */,
				B1FC978211091D2600642B6F /* Controller.m in Sources */,
				B1FC97AB1109284000642B6F /* MamlView.m in Sources */,
				B1759F5311094E1900C84F3F /* Agent.m in Sources */,
				B1759F5811094E4900C84F3F /* Patch.m in Sources */,
				B1759F7611094F6A00C84F3F /* World.m in Sources */,
				B1662DCA131C64CF0014F7B5 /* MamlProgram.m in Sources */,
				B16D5F92131C720C004DFF88 /* Binop.m in Sources */,
				B16D5FC3131C7719004DFF88 /* Random.m in Sources */,
				B106C2D0131C8288001E136B /* ConstNum.m in Sources */,
				B198FBAB131D6C69006775CF /* SetVar.m in Sources */,
				B198FBB5131D6DCA006775CF /* GetVar.m in Sources */,
				B198FC07131D7750006775CF /* Done.m in Sources */,
				B198FC0A131D775A006775CF /* Yield.m in Sources */,
				B198FC0D131D7765006775CF /* Jump.m in Sources */,
			);
			runOnlyForDeploymentPostprocessing = 0;
		};
/* End PBXSourcesBuildPhase section */

/* Begin PBXVariantGroup section */
		089C165CFE840E0CC02AAC07 /* InfoPlist.strings */ = {
			isa = PBXVariantGroup;
			children = (
				089C165DFE840E0CC02AAC07 /* English */,
			);
			name = InfoPlist.strings;
			sourceTree = "<group>";
		};
		1DDD58140DA1D0A300B32029 /* MainMenu.xib */ = {
			isa = PBXVariantGroup;
			children = (
				1DDD58150DA1D0A300B32029 /* English */,
			);
			name = MainMenu.xib;
			sourceTree = "<group>";
		};
/* End PBXVariantGroup section */

/* Begin XCBuildConfiguration section */
		C01FCF4B08A954540054247B /* Debug */ = {
			isa = XCBuildConfiguration;
			buildSettings = {
				ALWAYS_SEARCH_USER_PATHS = NO;
				COPY_PHASE_STRIP = NO;
				GCC_DYNAMIC_NO_PIC = NO;
				GCC_ENABLE_FIX_AND_CONTINUE = YES;
				GCC_MODEL_TUNING = G5;
				GCC_OPTIMIZATION_LEVEL = 0;
				GCC_PRECOMPILE_PREFIX_HEADER = YES;
				GCC_PREFIX_HEADER = Maml_Prefix.pch;
				INFOPLIST_FILE = "Maml-Info.plist";
				INSTALL_PATH = "$(HOME)/Applications";
				PRODUCT_NAME = Maml;
			};
			name = Debug;
		};
		C01FCF4C08A954540054247B /* Release */ = {
			isa = XCBuildConfiguration;
			buildSettings = {
				ALWAYS_SEARCH_USER_PATHS = NO;
				DEBUG_INFORMATION_FORMAT = "dwarf-with-dsym";
				GCC_MODEL_TUNING = G5;
				GCC_PRECOMPILE_PREFIX_HEADER = YES;
				GCC_PREFIX_HEADER = Maml_Prefix.pch;
				INFOPLIST_FILE = "Maml-Info.plist";
				INSTALL_PATH = "$(HOME)/Applications";
				PRODUCT_NAME = Maml;
			};
			name = Release;
		};
		C01FCF4F08A954540054247B /* Debug */ = {
			isa = XCBuildConfiguration;
			buildSettings = {
				ARCHS = "$(ARCHS_STANDARD_32_64_BIT)";
				GCC_C_LANGUAGE_STANDARD = gnu99;
				GCC_OPTIMIZATION_LEVEL = 0;
				GCC_WARN_ABOUT_RETURN_TYPE = YES;
				GCC_WARN_UNUSED_VARIABLE = YES;
				ONLY_ACTIVE_ARCH = YES;
				PREBINDING = NO;
				SDKROOT = macosx10.6;
			};
			name = Debug;
		};
		C01FCF5008A954540054247B /* Release */ = {
			isa = XCBuildConfiguration;
			buildSettings = {
				ARCHS = "$(ARCHS_STANDARD_32_64_BIT)";
				GCC_C_LANGUAGE_STANDARD = gnu99;
				GCC_WARN_ABOUT_RETURN_TYPE = YES;
				GCC_WARN_UNUSED_VARIABLE = YES;
				PREBINDING = NO;
				SDKROOT = macosx10.6;
			};
			name = Release;
		};
/* End XCBuildConfiguration section */

/* Begin XCConfigurationList section */
		C01FCF4A08A954540054247B /* Build configuration list for PBXNativeTarget "Maml" */ = {
			isa = XCConfigurationList;
			buildConfigurations = (
				C01FCF4B08A954540054247B /* Debug */,
				C01FCF4C08A954540054247B /* Release */,
			);
			defaultConfigurationIsVisible = 0;
			defaultConfigurationName = Release;
		};
		C01FCF4E08A954540054247B /* Build configuration list for PBXProject "Maml" */ = {
			isa = XCConfigurationList;
			buildConfigurations = (
				C01FCF4F08A954540054247B /* Debug */,
				C01FCF5008A954540054247B /* Release */,
			);
			defaultConfigurationIsVisible = 0;
			defaultConfigurationName = Release;
		};
/* End XCConfigurationList section */
	};
	rootObject = 29B97313FDCFA39411CA2CEA /* Project object */;
}
